
Microsoft Visual Studio Solution File, Format Version 12.00
# Visual Studio Version 17
VisualStudioVersion = 17.4.33205.214
MinimumVisualStudioVersion = 10.0.40219.1
Project("{FAE04EC0-301F-11D3-BF4B-00C04F79EFBC}") = "GC Lab 4 Mourad Alfadil", "GC Lab 4 Mourad Alfadil\GC Lab 4 Mourad Alfadil.csproj", "{6B6815D2-6EA3-417F-A601-C7EBCB4C4DDE}"
EndProject
Global
	GlobalSection(SolutionConfigurationPlatforms) = preSolution
		Debug|Any CPU = Debug|Any CPU
		Release|Any CPU = Release|Any CPU
	EndGlobalSection
	GlobalSection(ProjectConfigurationPlatforms) = postSolution
		{6B6815D2-6EA3-417F-A601-C7EBCB4C4DDE}.Debug|Any CPU.ActiveCfg = Debug|Any CPU
		{6B6815D2-6EA3-417F-A601-C7EBCB4C4DDE}.Debug|Any CPU.Build.0 = Debug|Any CPU
		{6B6815D2-6EA3-417F-A601-C7EBCB4C4DDE}.Release|Any CPU.ActiveCfg = Release|Any CPU
		{6B6815D2-6EA3-417F-A601-C7EBCB4C4DDE}.Release|Any CPU.Build.0 = Release|Any CPU
	EndGlobalSection
	GlobalSection(SolutionProperties) = preSolution
		HideSolutionNode = FALSE
	EndGlobalSection
	GlobalSection(ExtensibilityGlobals) = postSolution
		SolutionGuid = {5A7EB6BF-4E79-4C54-A20D-A1811E993275}
	EndGlobalSection
EndGlobal
